
Microsoft Visual Studio Solution File, Format Version 12.00
# Visual Studio Version 17
VisualStudioVersion = 17.5.002.0
MinimumVisualStudioVersion = 10.0.40219.1
Project("{9A19103F-16F7-4668-BE54-9A1E7A4F7556}") = "p28-crud-universidad", "p28-crud-universidad.csproj", "{7001AA85-0D40-43EC-8C24-033A150C4A36}"
EndProject
Global
	GlobalSection(SolutionConfigurationPlatforms) = preSolution
		Debug|Any CPU = Debug|Any CPU
		Release|Any CPU = Release|Any CPU
	EndGlobalSection
	GlobalSection(ProjectConfigurationPlatforms) = postSolution
		{7001AA85-0D40-43EC-8C24-033A150C4A36}.Debug|Any CPU.ActiveCfg = Debug|Any CPU
		{7001AA85-0D40-43EC-8C24-033A150C4A36}.Debug|Any CPU.Build.0 = Debug|Any CPU
		{7001AA85-0D40-43EC-8C24-033A150C4A36}.Release|Any CPU.ActiveCfg = Release|Any CPU
		{7001AA85-0D40-43EC-8C24-033A150C4A36}.Release|Any CPU.Build.0 = Release|Any CPU
	EndGlobalSection
	GlobalSection(SolutionProperties) = preSolution
		HideSolutionNode = FALSE
	EndGlobalSection
	GlobalSection(ExtensibilityGlobals) = postSolution
		SolutionGuid = {70E6EFB9-B88F-4C21-8B64-5B8872F4685E}
	EndGlobalSection
EndGlobal
